
Microsoft Visual Studio Solution File, Format Version 12.00
# Visual Studio Version 16
VisualStudioVersion = 16.0.30413.136
MinimumVisualStudioVersion = 10.0.40219.1
Project("{8BC9CEB8-8B4A-11D0-8D11-00A0C91BC942}") = "atom", "atom.vcxproj", "{39A3E85D-4389-4884-8F3C-513C8052B476}"
EndProject
Project("{2150E333-8FDC-42A3-9474-1A3956D46DE8}") = "easy3d", "easy3d", "{8939D4B4-5CA5-4AD0-ADDB-79EA638E994A}"
EndProject
Project("{2150E333-8FDC-42A3-9474-1A3956D46DE8}") = "3rdparty", "3rdparty", "{0CF6DAC3-1B53-4C05-904E-51AA17FB4747}"
EndProject
Project("{8BC9CEB8-8B4A-11D0-8D11-00A0C91BC942}") = "easy3d_algo", "..\..\Easy3D\build\easy3d\algo\easy3d_algo.vcxproj", "{E2C23A57-B64D-39D9-854B-8AA70B284035}"
EndProject
Project("{8BC9CEB8-8B4A-11D0-8D11-00A0C91BC942}") = "easy3d_viewer", "..\..\Easy3D\build\easy3d\viewer\easy3d_viewer.vcxproj", "{FD10BBE7-D30B-3138-80AD-794BEB686DE9}"
EndProject
Project("{8BC9CEB8-8B4A-11D0-8D11-00A0C91BC942}") = "easy3d_util", "..\..\Easy3D\build\easy3d\util\easy3d_util.vcxproj", "{A50BB819-5469-319E-9D99-D8A942FFC0DE}"
EndProject
Project("{8BC9CEB8-8B4A-11D0-8D11-00A0C91BC942}") = "easy3d_renderer", "..\..\Easy3D\build\easy3d\renderer\easy3d_renderer.vcxproj", "{516181FD-D01C-3FAC-90DA-B3B5025C3124}"
EndProject
Project("{8BC9CEB8-8B4A-11D0-8D11-00A0C91BC942}") = "easy3d_kdtree", "..\..\Easy3D\build\easy3d\kdtree\easy3d_kdtree.vcxproj", "{24B278FE-CC27-38AC-9507-53AB5DDC45AC}"
EndProject
Project("{8BC9CEB8-8B4A-11D0-8D11-00A0C91BC942}") = "easy3d_fileio", "..\..\Easy3D\build\easy3d\fileio\easy3d_fileio.vcxproj", "{A8FF4944-56A0-3729-B86A-AB4E9272605F}"
EndProject
Project("{8BC9CEB8-8B4A-11D0-8D11-00A0C91BC942}") = "easy3d_core", "..\..\Easy3D\build\easy3d\core\easy3d_core.vcxproj", "{1AD7D0FB-F570-3084-A6AB-9834B7E392CE}"
EndProject
Project("{8BC9CEB8-8B4A-11D0-8D11-00A0C91BC942}") = "3rd_backward", "..\..\Easy3D\build\3rd_party\backward\3rd_backward.vcxproj", "{8FB0F76E-9922-3C86-9F43-F250BD772427}"
EndProject
Project("{8BC9CEB8-8B4A-11D0-8D11-00A0C91BC942}") = "3rd_easyloggingpp", "..\..\Easy3D\build\3rd_party\easyloggingpp\3rd_easyloggingpp.vcxproj", "{C99598E5-1118-305B-BF0C-A09041BE0DEB}"
EndProject
Project("{8BC9CEB8-8B4A-11D0-8D11-00A0C91BC942}") = "3rd_glew", "..\..\Easy3D\build\3rd_party\glew\3rd_glew.vcxproj", "{E0279DE7-A82F-36BC-A768-CF2FA19B98E5}"
EndProject
Project("{8BC9CEB8-8B4A-11D0-8D11-00A0C91BC942}") = "3rd_glfw", "..\..\Easy3D\build\3rd_party\glfw\src\3rd_glfw.vcxproj", "{C5F1BC8F-2B5A-3A76-BEB4-7ACE4080AAB4}"
EndProject
Project("{8BC9CEB8-8B4A-11D0-8D11-00A0C91BC942}") = "3rd_glutess", "..\..\Easy3D\build\3rd_party\glutess\3rd_glutess.vcxproj", "{D71131F3-400C-341C-97A3-2F0A1C8DF811}"
EndProject
Project("{8BC9CEB8-8B4A-11D0-8D11-00A0C91BC942}") = "3rd_kdtree", "..\..\Easy3D\build\3rd_party\kdtree\3rd_kdtree.vcxproj", "{C09D7FCC-0D3C-3316-AA39-CE15658735EC}"
EndProject
Project("{8BC9CEB8-8B4A-11D0-8D11-00A0C91BC942}") = "3rd_lastools", "..\..\Easy3D\build\3rd_party\lastools\3rd_lastools.vcxproj", "{B7A47289-08FD-3A44-8729-D1BD964D7E51}"
EndProject
Project("{8BC9CEB8-8B4A-11D0-8D11-00A0C91BC942}") = "3rd_poisson", "..\..\Easy3D\build\3rd_party\poisson\3rd_poisson.vcxproj", "{DAB71185-C6DF-325B-8BC9-FE0C226F51B0}"
EndProject
Project("{8BC9CEB8-8B4A-11D0-8D11-00A0C91BC942}") = "3rd_ransac", "..\..\Easy3D\build\3rd_party\ransac\3rd_ransac.vcxproj", "{F482965C-B52E-377E-81A7-5C60CF3B0197}"
EndProject
Project("{8BC9CEB8-8B4A-11D0-8D11-00A0C91BC942}") = "3rd_rply", "..\..\Easy3D\build\3rd_party\rply\3rd_rply.vcxproj", "{57B32535-8A9D-39A0-8369-DD91E9C745AA}"
EndProject
Project("{8BC9CEB8-8B4A-11D0-8D11-00A0C91BC942}") = "3rd_tetgen", "..\..\Easy3D\build\3rd_party\tetgen\3rd_tetgen.vcxproj", "{49859AD5-3E38-3413-A53C-AEDA899AE454}"
EndProject
Project("{8BC9CEB8-8B4A-11D0-8D11-00A0C91BC942}") = "3rd_triangle", "..\..\Easy3D\build\3rd_party\triangle\3rd_triangle.vcxproj", "{36795EA1-018C-3364-AC46-B9902E264754}"
EndProject
Global
	GlobalSection(SolutionConfigurationPlatforms) = preSolution
		Debug|x64 = Debug|x64
		Debug|x86 = Debug|x86
		MinSizeRel|x64 = MinSizeRel|x64
		MinSizeRel|x86 = MinSizeRel|x86
		Release|x64 = Release|x64
		Release|x86 = Release|x86
		RelWithDebInfo|x64 = RelWithDebInfo|x64
		RelWithDebInfo|x86 = RelWithDebInfo|x86
	EndGlobalSection
	GlobalSection(ProjectConfigurationPlatforms) = postSolution
		{39A3E85D-4389-4884-8F3C-513C8052B476}.Debug|x64.ActiveCfg = Debug|x64
		{39A3E85D-4389-4884-8F3C-513C8052B476}.Debug|x64.Build.0 = Debug|x64
		{39A3E85D-4389-4884-8F3C-513C8052B476}.Debug|x86.ActiveCfg = Debug|Win32
		{39A3E85D-4389-4884-8F3C-513C8052B476}.Debug|x86.Build.0 = Debug|Win32
		{39A3E85D-4389-4884-8F3C-513C8052B476}.MinSizeRel|x64.ActiveCfg = Release|x64
		{39A3E85D-4389-4884-8F3C-513C8052B476}.MinSizeRel|x64.Build.0 = Release|x64
		{39A3E85D-4389-4884-8F3C-513C8052B476}.MinSizeRel|x86.ActiveCfg = Release|Win32
		{39A3E85D-4389-4884-8F3C-513C8052B476}.MinSizeRel|x86.Build.0 = Release|Win32
		{39A3E85D-4389-4884-8F3C-513C8052B476}.Release|x64.ActiveCfg = Release|x64
		{39A3E85D-4389-4884-8F3C-513C8052B476}.Release|x64.Build.0 = Release|x64
		{39A3E85D-4389-4884-8F3C-513C8052B476}.Release|x86.ActiveCfg = Release|Win32
		{39A3E85D-4389-4884-8F3C-513C8052B476}.Release|x86.Build.0 = Release|Win32
		{39A3E85D-4389-4884-8F3C-513C8052B476}.RelWithDebInfo|x64.ActiveCfg = Release|x64
		{39A3E85D-4389-4884-8F3C-513C8052B476}.RelWithDebInfo|x64.Build.0 = Release|x64
		{39A3E85D-4389-4884-8F3C-513C8052B476}.RelWithDebInfo|x86.ActiveCfg = Release|Win32
		{39A3E85D-4389-4884-8F3C-513C8052B476}.RelWithDebInfo|x86.Build.0 = Release|Win32
		{E2C23A57-B64D-39D9-854B-8AA70B284035}.Debug|x64.ActiveCfg = Debug|x64
		{E2C23A57-B64D-39D9-854B-8AA70B284035}.Debug|x64.Build.0 = Debug|x64
		{E2C23A57-B64D-39D9-854B-8AA70B284035}.Debug|x86.ActiveCfg = Debug|x64
		{E2C23A57-B64D-39D9-854B-8AA70B284035}.MinSizeRel|x64.ActiveCfg = MinSizeRel|x64
		{E2C23A57-B64D-39D9-854B-8AA70B284035}.MinSizeRel|x64.Build.0 = MinSizeRel|x64
		{E2C23A57-B64D-39D9-854B-8AA70B284035}.MinSizeRel|x86.ActiveCfg = MinSizeRel|x64
		{E2C23A57-B64D-39D9-854B-8AA70B284035}.Release|x64.ActiveCfg = Release|x64
		{E2C23A57-B64D-39D9-854B-8AA70B284035}.Release|x64.Build.0 = Release|x64
		{E2C23A57-B64D-39D9-854B-8AA70B284035}.Release|x86.ActiveCfg = Release|x64
		{E2C23A57-B64D-39D9-854B-8AA70B284035}.RelWithDebInfo|x64.ActiveCfg = RelWithDebInfo|x64
		{E2C23A57-B64D-39D9-854B-8AA70B284035}.RelWithDebInfo|x64.Build.0 = RelWithDebInfo|x64
		{E2C23A57-B64D-39D9-854B-8AA70B284035}.RelWithDebInfo|x86.ActiveCfg = RelWithDebInfo|x64
		{FD10BBE7-D30B-3138-80AD-794BEB686DE9}.Debug|x64.ActiveCfg = Debug|x64
		{FD10BBE7-D30B-3138-80AD-794BEB686DE9}.Debug|x64.Build.0 = Debug|x64
		{FD10BBE7-D30B-3138-80AD-794BEB686DE9}.Debug|x86.ActiveCfg = Debug|x64
		{FD10BBE7-D30B-3138-80AD-794BEB686DE9}.MinSizeRel|x64.ActiveCfg = MinSizeRel|x64
		{FD10BBE7-D30B-3138-80AD-794BEB686DE9}.MinSizeRel|x64.Build.0 = MinSizeRel|x64
		{FD10BBE7-D30B-3138-80AD-794BEB686DE9}.MinSizeRel|x86.ActiveCfg = MinSizeRel|x64
		{FD10BBE7-D30B-3138-80AD-794BEB686DE9}.Release|x64.ActiveCfg = Release|x64
		{FD10BBE7-D30B-3138-80AD-794BEB686DE9}.Release|x64.Build.0 = Release|x64
		{FD10BBE7-D30B-3138-80AD-794BEB686DE9}.Release|x86.ActiveCfg = Release|x64
		{FD10BBE7-D30B-3138-80AD-794BEB686DE9}.RelWithDebInfo|x64.ActiveCfg = RelWithDebInfo|x64
		{FD10BBE7-D30B-3138-80AD-794BEB686DE9}.RelWithDebInfo|x64.Build.0 = RelWithDebInfo|x64
		{FD10BBE7-D30B-3138-80AD-794BEB686DE9}.RelWithDebInfo|x86.ActiveCfg = RelWithDebInfo|x64
		{A50BB819-5469-319E-9D99-D8A942FFC0DE}.Debug|x64.ActiveCfg = Debug|x64
		{A50BB819-5469-319E-9D99-D8A942FFC0DE}.Debug|x64.Build.0 = Debug|x64
		{A50BB819-5469-319E-9D99-D8A942FFC0DE}.Debug|x86.ActiveCfg = Debug|x64
		{A50BB819-5469-319E-9D99-D8A942FFC0DE}.MinSizeRel|x64.ActiveCfg = MinSizeRel|x64
		{A50BB819-5469-319E-9D99-D8A942FFC0DE}.MinSizeRel|x64.Build.0 = MinSizeRel|x64
		{A50BB819-5469-319E-9D99-D8A942FFC0DE}.MinSizeRel|x86.ActiveCfg = MinSizeRel|x64
		{A50BB819-5469-319E-9D99-D8A942FFC0DE}.Release|x64.ActiveCfg = Release|x64
		{A50BB819-5469-319E-9D99-D8A942FFC0DE}.Release|x64.Build.0 = Release|x64
		{A50BB819-5469-319E-9D99-D8A942FFC0DE}.Release|x86.ActiveCfg = Release|x64
		{A50BB819-5469-319E-9D99-D8A942FFC0DE}.RelWithDebInfo|x64.ActiveCfg = RelWithDebInfo|x64
		{A50BB819-5469-319E-9D99-D8A942FFC0DE}.RelWithDebInfo|x64.Build.0 = RelWithDebInfo|x64
		{A50BB819-5469-319E-9D99-D8A942FFC0DE}.RelWithDebInfo|x86.ActiveCfg = RelWithDebInfo|x64
		{516181FD-D01C-3FAC-90DA-B3B5025C3124}.Debug|x64.ActiveCfg = Debug|x64
		{516181FD-D01C-3FAC-90DA-B3B5025C3124}.Debug|x64.Build.0 = Debug|x64
		{516181FD-D01C-3FAC-90DA-B3B5025C3124}.Debug|x86.ActiveCfg = Debug|x64
		{516181FD-D01C-3FAC-90DA-B3B5025C3124}.MinSizeRel|x64.ActiveCfg = MinSizeRel|x64
		{516181FD-D01C-3FAC-90DA-B3B5025C3124}.MinSizeRel|x64.Build.0 = MinSizeRel|x64
		{516181FD-D01C-3FAC-90DA-B3B5025C3124}.MinSizeRel|x86.ActiveCfg = MinSizeRel|x64
		{516181FD-D01C-3FAC-90DA-B3B5025C3124}.Release|x64.ActiveCfg = Release|x64
		{516181FD-D01C-3FAC-90DA-B3B5025C3124}.Release|x64.Build.0 = Release|x64
		{516181FD-D01C-3FAC-90DA-B3B5025C3124}.Release|x86.ActiveCfg = Release|x64
		{516181FD-D01C-3FAC-90DA-B3B5025C3124}.RelWithDebInfo|x64.ActiveCfg = RelWithDebInfo|x64
		{516181FD-D01C-3FAC-90DA-B3B5025C3124}.RelWithDebInfo|x64.Build.0 = RelWithDebInfo|x64
		{516181FD-D01C-3FAC-90DA-B3B5025C3124}.RelWithDebInfo|x86.ActiveCfg = RelWithDebInfo|x64
		{24B278FE-CC27-38AC-9507-53AB5DDC45AC}.Debug|x64.ActiveCfg = Debug|x64
		{24B278FE-CC27-38AC-9507-53AB5DDC45AC}.Debug|x64.Build.0 = Debug|x64
		{24B278FE-CC27-38AC-9507-53AB5DDC45AC}.Debug|x86.ActiveCfg = Debug|x64
		{24B278FE-CC27-38AC-9507-53AB5DDC45AC}.MinSizeRel|x64.ActiveCfg = MinSizeRel|x64
		{24B278FE-CC27-38AC-9507-53AB5DDC45AC}.MinSizeRel|x64.Build.0 = MinSizeRel|x64
		{24B278FE-CC27-38AC-9507-53AB5DDC45AC}.MinSizeRel|x86.ActiveCfg = MinSizeRel|x64
		{24B278FE-CC27-38AC-9507-53AB5DDC45AC}.Release|x64.ActiveCfg = Release|x64
		{24B278FE-CC27-38AC-9507-53AB5DDC45AC}.Release|x64.Build.0 = Release|x64
		{24B278FE-CC27-38AC-9507-53AB5DDC45AC}.Release|x86.ActiveCfg = Release|x64
		{24B278FE-CC27-38AC-9507-53AB5DDC45AC}.RelWithDebInfo|x64.ActiveCfg = RelWithDebInfo|x64
		{24B278FE-CC27-38AC-9507-53AB5DDC45AC}.RelWithDebInfo|x64.Build.0 = RelWithDebInfo|x64
		{24B278FE-CC27-38AC-9507-53AB5DDC45AC}.RelWithDebInfo|x86.ActiveCfg = RelWithDebInfo|x64
		{A8FF4944-56A0-3729-B86A-AB4E9272605F}.Debug|x64.ActiveCfg = Debug|x64
		{A8FF4944-56A0-3729-B86A-AB4E9272605F}.Debug|x64.Build.0 = Debug|x64
		{A8FF4944-56A0-3729-B86A-AB4E9272605F}.Debug|x86.ActiveCfg = Debug|x64
		{A8FF4944-56A0-3729-B86A-AB4E9272605F}.MinSizeRel|x64.ActiveCfg = MinSizeRel|x64
		{A8FF4944-56A0-3729-B86A-AB4E9272605F}.MinSizeRel|x64.Build.0 = MinSizeRel|x64
		{A8FF4944-56A0-3729-B86A-AB4E9272605F}.MinSizeRel|x86.ActiveCfg = MinSizeRel|x64
		{A8FF4944-56A0-3729-B86A-AB4E9272605F}.Release|x64.ActiveCfg = Release|x64
		{A8FF4944-56A0-3729-B86A-AB4E9272605F}.Release|x64.Build.0 = Release|x64
		{A8FF4944-56A0-3729-B86A-AB4E9272605F}.Release|x86.ActiveCfg = Release|x64
		{A8FF4944-56A0-3729-B86A-AB4E9272605F}.RelWithDebInfo|x64.ActiveCfg = RelWithDebInfo|x64
		{A8FF4944-56A0-3729-B86A-AB4E9272605F}.RelWithDebInfo|x64.Build.0 = RelWithDebInfo|x64
		{A8FF4944-56A0-3729-B86A-AB4E9272605F}.RelWithDebInfo|x86.ActiveCfg = RelWithDebInfo|x64
		{1AD7D0FB-F570-3084-A6AB-9834B7E392CE}.Debug|x64.ActiveCfg = Debug|x64
		{1AD7D0FB-F570-3084-A6AB-9834B7E392CE}.Debug|x64.Build.0 = Debug|x64
		{1AD7D0FB-F570-3084-A6AB-9834B7E392CE}.Debug|x86.ActiveCfg = Debug|x64
		{1AD7D0FB-F570-3084-A6AB-9834B7E392CE}.MinSizeRel|x64.ActiveCfg = MinSizeRel|x64
		{1AD7D0FB-F570-3084-A6AB-9834B7E392CE}.MinSizeRel|x64.Build.0 = MinSizeRel|x64
		{1AD7D0FB-F570-3084-A6AB-9834B7E392CE}.MinSizeRel|x86.ActiveCfg = MinSizeRel|x64
		{1AD7D0FB-F570-3084-A6AB-9834B7E392CE}.Release|x64.ActiveCfg = Release|x64
		{1AD7D0FB-F570-3084-A6AB-9834B7E392CE}.Release|x64.Build.0 = Release|x64
		{1AD7D0FB-F570-3084-A6AB-9834B7E392CE}.Release|x86.ActiveCfg = Release|x64
		{1AD7D0FB-F570-3084-A6AB-9834B7E392CE}.RelWithDebInfo|x64.ActiveCfg = RelWithDebInfo|x64
		{1AD7D0FB-F570-3084-A6AB-9834B7E392CE}.RelWithDebInfo|x64.Build.0 = RelWithDebInfo|x64
		{1AD7D0FB-F570-3084-A6AB-9834B7E392CE}.RelWithDebInfo|x86.ActiveCfg = RelWithDebInfo|x64
		{8FB0F76E-9922-3C86-9F43-F250BD772427}.Debug|x64.ActiveCfg = Debug|x64
		{8FB0F76E-9922-3C86-9F43-F250BD772427}.Debug|x64.Build.0 = Debug|x64
		{8FB0F76E-9922-3C86-9F43-F250BD772427}.Debug|x86.ActiveCfg = Debug|x64
		{8FB0F76E-9922-3C86-9F43-F250BD772427}.MinSizeRel|x64.ActiveCfg = MinSizeRel|x64
		{8FB0F76E-9922-3C86-9F43-F250BD772427}.MinSizeRel|x64.Build.0 = MinSizeRel|x64
		{8FB0F76E-9922-3C86-9F43-F250BD772427}.MinSizeRel|x86.ActiveCfg = MinSizeRel|x64
		{8FB0F76E-9922-3C86-9F43-F250BD772427}.Release|x64.ActiveCfg = Release|x64
		{8FB0F76E-9922-3C86-9F43-F250BD772427}.Release|x64.Build.0 = Release|x64
		{8FB0F76E-9922-3C86-9F43-F250BD772427}.Release|x86.ActiveCfg = Release|x64
		{8FB0F76E-9922-3C86-9F43-F250BD772427}.RelWithDebInfo|x64.ActiveCfg = RelWithDebInfo|x64
		{8FB0F76E-9922-3C86-9F43-F250BD772427}.RelWithDebInfo|x64.Build.0 = RelWithDebInfo|x64
		{8FB0F76E-9922-3C86-9F43-F250BD772427}.RelWithDebInfo|x86.ActiveCfg = RelWithDebInfo|x64
		{C99598E5-1118-305B-BF0C-A09041BE0DEB}.Debug|x64.ActiveCfg = Debug|x64
		{C99598E5-1118-305B-BF0C-A09041BE0DEB}.Debug|x64.Build.0 = Debug|x64
		{C99598E5-1118-305B-BF0C-A09041BE0DEB}.Debug|x86.ActiveCfg = Debug|x64
		{C99598E5-1118-305B-BF0C-A09041BE0DEB}.MinSizeRel|x64.ActiveCfg = MinSizeRel|x64
		{C99598E5-1118-305B-BF0C-A09041BE0DEB}.MinSizeRel|x64.Build.0 = MinSizeRel|x64
		{C99598E5-1118-305B-BF0C-A09041BE0DEB}.MinSizeRel|x86.ActiveCfg = MinSizeRel|x64
		{C99598E5-1118-305B-BF0C-A09041BE0DEB}.Release|x64.ActiveCfg = Release|x64
		{C99598E5-1118-305B-BF0C-A09041BE0DEB}.Release|x64.Build.0 = Release|x64
		{C99598E5-1118-305B-BF0C-A09041BE0DEB}.Release|x86.ActiveCfg = Release|x64
		{C99598E5-1118-305B-BF0C-A09041BE0DEB}.RelWithDebInfo|x64.ActiveCfg = RelWithDebInfo|x64
		{C99598E5-1118-305B-BF0C-A09041BE0DEB}.RelWithDebInfo|x64.Build.0 = RelWithDebInfo|x64
		{C99598E5-1118-305B-BF0C-A09041BE0DEB}.RelWithDebInfo|x86.ActiveCfg = RelWithDebInfo|x64
		{E0279DE7-A82F-36BC-A768-CF2FA19B98E5}.Debug|x64.ActiveCfg = Debug|x64
		{E0279DE7-A82F-36BC-A768-CF2FA19B98E5}.Debug|x64.Build.0 = Debug|x64
		{E0279DE7-A82F-36BC-A768-CF2FA19B98E5}.Debug|x86.ActiveCfg = Debug|x64
		{E0279DE7-A82F-36BC-A768-CF2FA19B98E5}.MinSizeRel|x64.ActiveCfg = MinSizeRel|x64
		{E0279DE7-A82F-36BC-A768-CF2FA19B98E5}.MinSizeRel|x64.Build.0 = MinSizeRel|x64
		{E0279DE7-A82F-36BC-A768-CF2FA19B98E5}.MinSizeRel|x86.ActiveCfg = MinSizeRel|x64
		{E0279DE7-A82F-36BC-A768-CF2FA19B98E5}.Release|x64.ActiveCfg = Release|x64
		{E0279DE7-A82F-36BC-A768-CF2FA19B98E5}.Release|x64.Build.0 = Release|x64
		{E0279DE7-A82F-36BC-A768-CF2FA19B98E5}.Release|x86.ActiveCfg = Release|x64
		{E0279DE7-A82F-36BC-A768-CF2FA19B98E5}.RelWithDebInfo|x64.ActiveCfg = RelWithDebInfo|x64
		{E0279DE7-A82F-36BC-A768-CF2FA19B98E5}.RelWithDebInfo|x64.Build.0 = RelWithDebInfo|x64
		{E0279DE7-A82F-36BC-A768-CF2FA19B98E5}.RelWithDebInfo|x86.ActiveCfg = RelWithDebInfo|x64
		{C5F1BC8F-2B5A-3A76-BEB4-7ACE4080AAB4}.Debug|x64.ActiveCfg = Debug|x64
		{C5F1BC8F-2B5A-3A76-BEB4-7ACE4080AAB4}.Debug|x64.Build.0 = Debug|x64
		{C5F1BC8F-2B5A-3A76-BEB4-7ACE4080AAB4}.Debug|x86.ActiveCfg = Debug|x64
		{C5F1BC8F-2B5A-3A76-BEB4-7ACE4080AAB4}.MinSizeRel|x64.ActiveCfg = MinSizeRel|x64
		{C5F1BC8F-2B5A-3A76-BEB4-7ACE4080AAB4}.MinSizeRel|x64.Build.0 = MinSizeRel|x64
		{C5F1BC8F-2B5A-3A76-BEB4-7ACE4080AAB4}.MinSizeRel|x86.ActiveCfg = MinSizeRel|x64
		{C5F1BC8F-2B5A-3A76-BEB4-7ACE4080AAB4}.Release|x64.ActiveCfg = Release|x64
		{C5F1BC8F-2B5A-3A76-BEB4-7ACE4080AAB4}.Release|x64.Build.0 = Release|x64
		{C5F1BC8F-2B5A-3A76-BEB4-7ACE4080AAB4}.Release|x86.ActiveCfg = Release|x64
		{C5F1BC8F-2B5A-3A76-BEB4-7ACE4080AAB4}.RelWithDebInfo|x64.ActiveCfg = RelWithDebInfo|x64
		{C5F1BC8F-2B5A-3A76-BEB4-7ACE4080AAB4}.RelWithDebInfo|x64.Build.0 = RelWithDebInfo|x64
		{C5F1BC8F-2B5A-3A76-BEB4-7ACE4080AAB4}.RelWithDebInfo|x86.ActiveCfg = RelWithDebInfo|x64
		{D71131F3-400C-341C-97A3-2F0A1C8DF811}.Debug|x64.ActiveCfg = Debug|x64
		{D71131F3-400C-341C-97A3-2F0A1C8DF811}.Debug|x64.Build.0 = Debug|x64
		{D71131F3-400C-341C-97A3-2F0A1C8DF811}.Debug|x86.ActiveCfg = Debug|x64
		{D71131F3-400C-341C-97A3-2F0A1C8DF811}.MinSizeRel|x64.ActiveCfg = MinSizeRel|x64
		{D71131F3-400C-341C-97A3-2F0A1C8DF811}.MinSizeRel|x64.Build.0 = MinSizeRel|x64
		{D71131F3-400C-341C-97A3-2F0A1C8DF811}.MinSizeRel|x86.ActiveCfg = MinSizeRel|x64
		{D71131F3-400C-341C-97A3-2F0A1C8DF811}.Release|x64.ActiveCfg = Release|x64
		{D71131F3-400C-341C-97A3-2F0A1C8DF811}.Release|x64.Build.0 = Release|x64
		{D71131F3-400C-341C-97A3-2F0A1C8DF811}.Release|x86.ActiveCfg = Release|x64
		{D71131F3-400C-341C-97A3-2F0A1C8DF811}.RelWithDebInfo|x64.ActiveCfg = RelWithDebInfo|x64
		{D71131F3-400C-341C-97A3-2F0A1C8DF811}.RelWithDebInfo|x64.Build.0 = RelWithDebInfo|x64
		{D71131F3-400C-341C-97A3-2F0A1C8DF811}.RelWithDebInfo|x86.ActiveCfg = RelWithDebInfo|x64
		{C09D7FCC-0D3C-3316-AA39-CE15658735EC}.Debug|x64.ActiveCfg = Debug|x64
		{C09D7FCC-0D3C-3316-AA39-CE15658735EC}.Debug|x64.Build.0 = Debug|x64
		{C09D7FCC-0D3C-3316-AA39-CE15658735EC}.Debug|x86.ActiveCfg = Debug|x64
		{C09D7FCC-0D3C-3316-AA39-CE15658735EC}.MinSizeRel|x64.ActiveCfg = MinSizeRel|x64
		{C09D7FCC-0D3C-3316-AA39-CE15658735EC}.MinSizeRel|x64.Build.0 = MinSizeRel|x64
		{C09D7FCC-0D3C-3316-AA39-CE15658735EC}.MinSizeRel|x86.ActiveCfg = MinSizeRel|x64
		{C09D7FCC-0D3C-3316-AA39-CE15658735EC}.Release|x64.ActiveCfg = Release|x64
		{C09D7FCC-0D3C-3316-AA39-CE15658735EC}.Release|x64.Build.0 = Release|x64
		{C09D7FCC-0D3C-3316-AA39-CE15658735EC}.Release|x86.ActiveCfg = Release|x64
		{C09D7FCC-0D3C-3316-AA39-CE15658735EC}.RelWithDebInfo|x64.ActiveCfg = RelWithDebInfo|x64
		{C09D7FCC-0D3C-3316-AA39-CE15658735EC}.RelWithDebInfo|x64.Build.0 = RelWithDebInfo|x64
		{C09D7FCC-0D3C-3316-AA39-CE15658735EC}.RelWithDebInfo|x86.ActiveCfg = RelWithDebInfo|x64
		{B7A47289-08FD-3A44-8729-D1BD964D7E51}.Debug|x64.ActiveCfg = Debug|x64
		{B7A47289-08FD-3A44-8729-D1BD964D7E51}.Debug|x64.Build.0 = Debug|x64
		{B7A47289-08FD-3A44-8729-D1BD964D7E51}.Debug|x86.ActiveCfg = Debug|x64
		{B7A47289-08FD-3A44-8729-D1BD964D7E51}.MinSizeRel|x64.ActiveCfg = MinSizeRel|x64
		{B7A47289-08FD-3A44-8729-D1BD964D7E51}.MinSizeRel|x64.Build.0 = MinSizeRel|x64
		{B7A47289-08FD-3A44-8729-D1BD964D7E51}.MinSizeRel|x86.ActiveCfg = MinSizeRel|x64
		{B7A47289-08FD-3A44-8729-D1BD964D7E51}.Release|x64.ActiveCfg = Release|x64
		{B7A47289-08FD-3A44-8729-D1BD964D7E51}.Release|x64.Build.0 = Release|x64
		{B7A47289-08FD-3A44-8729-D1BD964D7E51}.Release|x86.ActiveCfg = Release|x64
		{B7A47289-08FD-3A44-8729-D1BD964D7E51}.RelWithDebInfo|x64.ActiveCfg = RelWithDebInfo|x64
		{B7A47289-08FD-3A44-8729-D1BD964D7E51}.RelWithDebInfo|x64.Build.0 = RelWithDebInfo|x64
		{B7A47289-08FD-3A44-8729-D1BD964D7E51}.RelWithDebInfo|x86.ActiveCfg = RelWithDebInfo|x64
		{DAB71185-C6DF-325B-8BC9-FE0C226F51B0}.Debug|x64.ActiveCfg = Debug|x64
		{DAB71185-C6DF-325B-8BC9-FE0C226F51B0}.Debug|x64.Build.0 = Debug|x64
		{DAB71185-C6DF-325B-8BC9-FE0C226F51B0}.Debug|x86.ActiveCfg = Debug|x64
		{DAB71185-C6DF-325B-8BC9-FE0C226F51B0}.MinSizeRel|x64.ActiveCfg = MinSizeRel|x64
		{DAB71185-C6DF-325B-8BC9-FE0C226F51B0}.MinSizeRel|x64.Build.0 = MinSizeRel|x64
		{DAB71185-C6DF-325B-8BC9-FE0C226F51B0}.MinSizeRel|x86.ActiveCfg = MinSizeRel|x64
		{DAB71185-C6DF-325B-8BC9-FE0C226F51B0}.Release|x64.ActiveCfg = Release|x64
		{DAB71185-C6DF-325B-8BC9-FE0C226F51B0}.Release|x64.Build.0 = Release|x64
		{DAB71185-C6DF-325B-8BC9-FE0C226F51B0}.Release|x86.ActiveCfg = Release|x64
		{DAB71185-C6DF-325B-8BC9-FE0C226F51B0}.RelWithDebInfo|x64.ActiveCfg = RelWithDebInfo|x64
		{DAB71185-C6DF-325B-8BC9-FE0C226F51B0}.RelWithDebInfo|x64.Build.0 = RelWithDebInfo|x64
		{DAB71185-C6DF-325B-8BC9-FE0C226F51B0}.RelWithDebInfo|x86.ActiveCfg = RelWithDebInfo|x64
		{F482965C-B52E-377E-81A7-5C60CF3B0197}.Debug|x64.ActiveCfg = Debug|x64
		{F482965C-B52E-377E-81A7-5C60CF3B0197}.Debug|x64.Build.0 = Debug|x64
		{F482965C-B52E-377E-81A7-5C60CF3B0197}.Debug|x86.ActiveCfg = Debug|x64
		{F482965C-B52E-377E-81A7-5C60CF3B0197}.MinSizeRel|x64.ActiveCfg = MinSizeRel|x64
		{F482965C-B52E-377E-81A7-5C60CF3B0197}.MinSizeRel|x64.Build.0 = MinSizeRel|x64
		{F482965C-B52E-377E-81A7-5C60CF3B0197}.MinSizeRel|x86.ActiveCfg = MinSizeRel|x64
		{F482965C-B52E-377E-81A7-5C60CF3B0197}.Release|x64.ActiveCfg = Release|x64
		{F482965C-B52E-377E-81A7-5C60CF3B0197}.Release|x64.Build.0 = Release|x64
		{F482965C-B52E-377E-81A7-5C60CF3B0197}.Release|x86.ActiveCfg = Release|x64
		{F482965C-B52E-377E-81A7-5C60CF3B0197}.RelWithDebInfo|x64.ActiveCfg = RelWithDebInfo|x64
		{F482965C-B52E-377E-81A7-5C60CF3B0197}.RelWithDebInfo|x64.Build.0 = RelWithDebInfo|x64
		{F482965C-B52E-377E-81A7-5C60CF3B0197}.RelWithDebInfo|x86.ActiveCfg = RelWithDebInfo|x64
		{57B32535-8A9D-39A0-8369-DD91E9C745AA}.Debug|x64.ActiveCfg = Debug|x64
		{57B32535-8A9D-39A0-8369-DD91E9C745AA}.Debug|x64.Build.0 = Debug|x64
		{57B32535-8A9D-39A0-8369-DD91E9C745AA}.Debug|x86.ActiveCfg = Debug|x64
		{57B32535-8A9D-39A0-8369-DD91E9C745AA}.MinSizeRel|x64.ActiveCfg = MinSizeRel|x64
		{57B32535-8A9D-39A0-8369-DD91E9C745AA}.MinSizeRel|x64.Build.0 = MinSizeRel|x64
		{57B32535-8A9D-39A0-8369-DD91E9C745AA}.MinSizeRel|x86.ActiveCfg = MinSizeRel|x64
		{57B32535-8A9D-39A0-8369-DD91E9C745AA}.Release|x64.ActiveCfg = Release|x64
		{57B32535-8A9D-39A0-8369-DD91E9C745AA}.Release|x64.Build.0 = Release|x64
		{57B32535-8A9D-39A0-8369-DD91E9C745AA}.Release|x86.ActiveCfg = Release|x64
		{57B32535-8A9D-39A0-8369-DD91E9C745AA}.RelWithDebInfo|x64.ActiveCfg = RelWithDebInfo|x64
		{57B32535-8A9D-39A0-8369-DD91E9C745AA}.RelWithDebInfo|x64.Build.0 = RelWithDebInfo|x64
		{57B32535-8A9D-39A0-8369-DD91E9C745AA}.RelWithDebInfo|x86.ActiveCfg = RelWithDebInfo|x64
		{49859AD5-3E38-3413-A53C-AEDA899AE454}.Debug|x64.ActiveCfg = Debug|x64
		{49859AD5-3E38-3413-A53C-AEDA899AE454}.Debug|x64.Build.0 = Debug|x64
		{49859AD5-3E38-3413-A53C-AEDA899AE454}.Debug|x86.ActiveCfg = Debug|x64
		{49859AD5-3E38-3413-A53C-AEDA899AE454}.MinSizeRel|x64.ActiveCfg = MinSizeRel|x64
		{49859AD5-3E38-3413-A53C-AEDA899AE454}.MinSizeRel|x64.Build.0 = MinSizeRel|x64
		{49859AD5-3E38-3413-A53C-AEDA899AE454}.MinSizeRel|x86.ActiveCfg = MinSizeRel|x64
		{49859AD5-3E38-3413-A53C-AEDA899AE454}.Release|x64.ActiveCfg = Release|x64
		{49859AD5-3E38-3413-A53C-AEDA899AE454}.Release|x64.Build.0 = Release|x64
		{49859AD5-3E38-3413-A53C-AEDA899AE454}.Release|x86.ActiveCfg = Release|x64
		{49859AD5-3E38-3413-A53C-AEDA899AE454}.RelWithDebInfo|x64.ActiveCfg = RelWithDebInfo|x64
		{49859AD5-3E38-3413-A53C-AEDA899AE454}.RelWithDebInfo|x64.Build.0 = RelWithDebInfo|x64
		{49859AD5-3E38-3413-A53C-AEDA899AE454}.RelWithDebInfo|x86.ActiveCfg = RelWithDebInfo|x64
		{36795EA1-018C-3364-AC46-B9902E264754}.Debug|x64.ActiveCfg = Debug|x64
		{36795EA1-018C-3364-AC46-B9902E264754}.Debug|x64.Build.0 = Debug|x64
		{36795EA1-018C-3364-AC46-B9902E264754}.Debug|x86.ActiveCfg = Debug|x64
		{36795EA1-018C-3364-AC46-B9902E264754}.MinSizeRel|x64.ActiveCfg = MinSizeRel|x64
		{36795EA1-018C-3364-AC46-B9902E264754}.MinSizeRel|x64.Build.0 = MinSizeRel|x64
		{36795EA1-018C-3364-AC46-B9902E264754}.MinSizeRel|x86.ActiveCfg = MinSizeRel|x64
		{36795EA1-018C-3364-AC46-B9902E264754}.Release|x64.ActiveCfg = Release|x64
		{36795EA1-018C-3364-AC46-B9902E264754}.Release|x64.Build.0 = Release|x64
		{36795EA1-018C-3364-AC46-B9902E264754}.Release|x86.ActiveCfg = Release|x64
		{36795EA1-018C-3364-AC46-B9902E264754}.RelWithDebInfo|x64.ActiveCfg = RelWithDebInfo|x64
		{36795EA1-018C-3364-AC46-B9902E264754}.RelWithDebInfo|x64.Build.0 = RelWithDebInfo|x64
		{36795EA1-018C-3364-AC46-B9902E264754}.RelWithDebInfo|x86.ActiveCfg = RelWithDebInfo|x64
	EndGlobalSection
	GlobalSection(SolutionProperties) = preSolution
		HideSolutionNode = FALSE
	EndGlobalSection
	GlobalSection(NestedProjects) = preSolution
		{E2C23A57-B64D-39D9-854B-8AA70B284035} = {8939D4B4-5CA5-4AD0-ADDB-79EA638E994A}
		{FD10BBE7-D30B-3138-80AD-794BEB686DE9} = {8939D4B4-5CA5-4AD0-ADDB-79EA638E994A}
		{A50BB819-5469-319E-9D99-D8A942FFC0DE} = {8939D4B4-5CA5-4AD0-ADDB-79EA638E994A}
		{516181FD-D01C-3FAC-90DA-B3B5025C3124} = {8939D4B4-5CA5-4AD0-ADDB-79EA638E994A}
		{24B278FE-CC27-38AC-9507-53AB5DDC45AC} = {8939D4B4-5CA5-4AD0-ADDB-79EA638E994A}
		{A8FF4944-56A0-3729-B86A-AB4E9272605F} = {8939D4B4-5CA5-4AD0-ADDB-79EA638E994A}
		{1AD7D0FB-F570-3084-A6AB-9834B7E392CE} = {8939D4B4-5CA5-4AD0-ADDB-79EA638E994A}
		{8FB0F76E-9922-3C86-9F43-F250BD772427} = {0CF6DAC3-1B53-4C05-904E-51AA17FB4747}
		{C99598E5-1118-305B-BF0C-A09041BE0DEB} = {0CF6DAC3-1B53-4C05-904E-51AA17FB4747}
		{E0279DE7-A82F-36BC-A768-CF2FA19B98E5} = {0CF6DAC3-1B53-4C05-904E-51AA17FB4747}
		{C5F1BC8F-2B5A-3A76-BEB4-7ACE4080AAB4} = {0CF6DAC3-1B53-4C05-904E-51AA17FB4747}
		{D71131F3-400C-341C-97A3-2F0A1C8DF811} = {0CF6DAC3-1B53-4C05-904E-51AA17FB4747}
		{C09D7FCC-0D3C-3316-AA39-CE15658735EC} = {0CF6DAC3-1B53-4C05-904E-51AA17FB4747}
		{B7A47289-08FD-3A44-8729-D1BD964D7E51} = {0CF6DAC3-1B53-4C05-904E-51AA17FB4747}
		{DAB71185-C6DF-325B-8BC9-FE0C226F51B0} = {0CF6DAC3-1B53-4C05-904E-51AA17FB4747}
		{F482965C-B52E-377E-81A7-5C60CF3B0197} = {0CF6DAC3-1B53-4C05-904E-51AA17FB4747}
		{57B32535-8A9D-39A0-8369-DD91E9C745AA} = {0CF6DAC3-1B53-4C05-904E-51AA17FB4747}
		{49859AD5-3E38-3413-A53C-AEDA899AE454} = {0CF6DAC3-1B53-4C05-904E-51AA17FB4747}
		{36795EA1-018C-3364-AC46-B9902E264754} = {0CF6DAC3-1B53-4C05-904E-51AA17FB4747}
	EndGlobalSection
	GlobalSection(ExtensibilityGlobals) = postSolution
		SolutionGuid = {D3C55307-B98F-40A7-9070-1CD3A61A1C23}
	EndGlobalSection
EndGlobal
