
Microsoft Visual Studio Solution File, Format Version 12.00
# Visual Studio Version 16
VisualStudioVersion = 16.0.30413.136
MinimumVisualStudioVersion = 10.0.40219.1
Project("{8BC9CEB8-8B4A-11D0-8D11-00A0C91BC942}") = "atom", "atom.vcxproj", "{39A3E85D-4389-4884-8F3C-513C8052B476}"
	ProjectSection(ProjectDependencies) = postProject
		{E466DEA6-CBAF-3C48-AD94-10BCCC647C44} = {E466DEA6-CBAF-3C48-AD94-10BCCC647C44}
	EndProjectSection
EndProject
Project("{8BC9CEB8-8B4A-11D0-8D11-00A0C91BC942}") = "glog", "..\Easy3D\build\3rd_party\glog\glog.vcxproj", "{E466DEA6-CBAF-3C48-AD94-10BCCC647C44}"
EndProject
Project("{8BC9CEB8-8B4A-11D0-8D11-00A0C91BC942}") = "algo", "..\Easy3D\build\easy3d\algo\algo.vcxproj", "{ECA4B8BB-86CB-324B-B95E-8D027780F9C2}"
EndProject
Project("{8BC9CEB8-8B4A-11D0-8D11-00A0C91BC942}") = "renderer", "..\Easy3D\build\easy3d\renderer\renderer.vcxproj", "{E0088989-2339-3967-8FB0-9C0279F1F2CF}"
EndProject
Project("{8BC9CEB8-8B4A-11D0-8D11-00A0C91BC942}") = "glew", "..\Easy3D\build\3rd_party\glew\glew.vcxproj", "{8493505A-5B3A-39C4-A4A7-537F2A505F6F}"
EndProject
Project("{8BC9CEB8-8B4A-11D0-8D11-00A0C91BC942}") = "glfw", "..\Easy3D\build\3rd_party\glfw\src\glfw.vcxproj", "{9379373A-0CEF-333D-839E-FBD2C9424078}"
EndProject
Project("{8BC9CEB8-8B4A-11D0-8D11-00A0C91BC942}") = "viewer", "..\Easy3D\build\easy3d\viewer\viewer.vcxproj", "{8F8DF887-929B-33D7-9F62-17D78038D9A8}"
EndProject
Project("{8BC9CEB8-8B4A-11D0-8D11-00A0C91BC942}") = "RANSAC-1.1", "..\Easy3D\build\3rd_party\RANSAC-1.1\RANSAC-1.1.vcxproj", "{B800FE84-0547-3DD0-A6F9-437CE7481412}"
EndProject
Project("{8BC9CEB8-8B4A-11D0-8D11-00A0C91BC942}") = "util", "..\Easy3D\build\easy3d\util\util.vcxproj", "{98D71D95-FDB1-3772-97C3-7C044593CA44}"
EndProject
Project("{8BC9CEB8-8B4A-11D0-8D11-00A0C91BC942}") = "core", "..\Easy3D\build\easy3d\core\core.vcxproj", "{29126CCB-4C39-380D-803E-2C2331A63B2A}"
EndProject
Project("{8BC9CEB8-8B4A-11D0-8D11-00A0C91BC942}") = "kd_tree", "..\Easy3D\build\3rd_party\kd_tree\kd_tree.vcxproj", "{A01E0810-BEB8-3E85-96B2-FEA481D413CA}"
EndProject
Project("{8BC9CEB8-8B4A-11D0-8D11-00A0C91BC942}") = "libtess", "..\Easy3D\build\3rd_party\libtess\libtess.vcxproj", "{731939FD-8EB7-3DDD-8877-159E6B3563C4}"
EndProject
Project("{8BC9CEB8-8B4A-11D0-8D11-00A0C91BC942}") = "poisson_recon-9.0.1", "..\Easy3D\build\3rd_party\poisson_recon-9.0.1\poisson_recon-9.0.1.vcxproj", "{2ABDA18B-1B31-3AE9-92D9-5897A89FDB22}"
EndProject
Project("{8BC9CEB8-8B4A-11D0-8D11-00A0C91BC942}") = "tetgen", "..\Easy3D\build\3rd_party\tetgen\tetgen.vcxproj", "{31F822F3-EF60-3F5E-B3DB-0E1C0C4A6351}"
EndProject
Project("{8BC9CEB8-8B4A-11D0-8D11-00A0C91BC942}") = "triangle", "..\Easy3D\build\3rd_party\triangle\triangle.vcxproj", "{EF5F0615-3A4A-322A-8B4F-01704EA466D6}"
EndProject
Project("{8BC9CEB8-8B4A-11D0-8D11-00A0C91BC942}") = "LAStools", "..\Easy3D\build\3rd_party\LAStools\LAStools.vcxproj", "{2F889403-F410-3EC3-AC8E-D18C19AB30D4}"
EndProject
Project("{8BC9CEB8-8B4A-11D0-8D11-00A0C91BC942}") = "rply", "..\Easy3D\build\3rd_party\rply\rply.vcxproj", "{8BB1FD55-4F71-36F8-A3C1-AA62E85F3FB1}"
EndProject
Project("{8BC9CEB8-8B4A-11D0-8D11-00A0C91BC942}") = "fileio", "..\Easy3D\build\easy3d\fileio\fileio.vcxproj", "{1082C515-EEFD-3EFA-82E8-6F2F8722C674}"
EndProject
Global
	GlobalSection(SolutionConfigurationPlatforms) = preSolution
		Debug|x64 = Debug|x64
		Debug|x86 = Debug|x86
		MinSizeRel|x64 = MinSizeRel|x64
		MinSizeRel|x86 = MinSizeRel|x86
		Release|x64 = Release|x64
		Release|x86 = Release|x86
		RelWithDebInfo|x64 = RelWithDebInfo|x64
		RelWithDebInfo|x86 = RelWithDebInfo|x86
	EndGlobalSection
	GlobalSection(ProjectConfigurationPlatforms) = postSolution
		{39A3E85D-4389-4884-8F3C-513C8052B476}.Debug|x64.ActiveCfg = Debug|x64
		{39A3E85D-4389-4884-8F3C-513C8052B476}.Debug|x64.Build.0 = Debug|x64
		{39A3E85D-4389-4884-8F3C-513C8052B476}.Debug|x86.ActiveCfg = Debug|Win32
		{39A3E85D-4389-4884-8F3C-513C8052B476}.Debug|x86.Build.0 = Debug|Win32
		{39A3E85D-4389-4884-8F3C-513C8052B476}.MinSizeRel|x64.ActiveCfg = Release|x64
		{39A3E85D-4389-4884-8F3C-513C8052B476}.MinSizeRel|x64.Build.0 = Release|x64
		{39A3E85D-4389-4884-8F3C-513C8052B476}.MinSizeRel|x86.ActiveCfg = Release|Win32
		{39A3E85D-4389-4884-8F3C-513C8052B476}.MinSizeRel|x86.Build.0 = Release|Win32
		{39A3E85D-4389-4884-8F3C-513C8052B476}.Release|x64.ActiveCfg = Release|x64
		{39A3E85D-4389-4884-8F3C-513C8052B476}.Release|x64.Build.0 = Release|x64
		{39A3E85D-4389-4884-8F3C-513C8052B476}.Release|x86.ActiveCfg = Release|Win32
		{39A3E85D-4389-4884-8F3C-513C8052B476}.Release|x86.Build.0 = Release|Win32
		{39A3E85D-4389-4884-8F3C-513C8052B476}.RelWithDebInfo|x64.ActiveCfg = Release|x64
		{39A3E85D-4389-4884-8F3C-513C8052B476}.RelWithDebInfo|x64.Build.0 = Release|x64
		{39A3E85D-4389-4884-8F3C-513C8052B476}.RelWithDebInfo|x86.ActiveCfg = Release|Win32
		{39A3E85D-4389-4884-8F3C-513C8052B476}.RelWithDebInfo|x86.Build.0 = Release|Win32
		{E466DEA6-CBAF-3C48-AD94-10BCCC647C44}.Debug|x64.ActiveCfg = Debug|x64
		{E466DEA6-CBAF-3C48-AD94-10BCCC647C44}.Debug|x64.Build.0 = Debug|x64
		{E466DEA6-CBAF-3C48-AD94-10BCCC647C44}.Debug|x86.ActiveCfg = Debug|x64
		{E466DEA6-CBAF-3C48-AD94-10BCCC647C44}.MinSizeRel|x64.ActiveCfg = MinSizeRel|x64
		{E466DEA6-CBAF-3C48-AD94-10BCCC647C44}.MinSizeRel|x64.Build.0 = MinSizeRel|x64
		{E466DEA6-CBAF-3C48-AD94-10BCCC647C44}.MinSizeRel|x86.ActiveCfg = MinSizeRel|x64
		{E466DEA6-CBAF-3C48-AD94-10BCCC647C44}.Release|x64.ActiveCfg = Release|x64
		{E466DEA6-CBAF-3C48-AD94-10BCCC647C44}.Release|x64.Build.0 = Release|x64
		{E466DEA6-CBAF-3C48-AD94-10BCCC647C44}.Release|x86.ActiveCfg = Release|x64
		{E466DEA6-CBAF-3C48-AD94-10BCCC647C44}.RelWithDebInfo|x64.ActiveCfg = RelWithDebInfo|x64
		{E466DEA6-CBAF-3C48-AD94-10BCCC647C44}.RelWithDebInfo|x64.Build.0 = RelWithDebInfo|x64
		{E466DEA6-CBAF-3C48-AD94-10BCCC647C44}.RelWithDebInfo|x86.ActiveCfg = RelWithDebInfo|x64
		{ECA4B8BB-86CB-324B-B95E-8D027780F9C2}.Debug|x64.ActiveCfg = Debug|x64
		{ECA4B8BB-86CB-324B-B95E-8D027780F9C2}.Debug|x64.Build.0 = Debug|x64
		{ECA4B8BB-86CB-324B-B95E-8D027780F9C2}.Debug|x86.ActiveCfg = Debug|x64
		{ECA4B8BB-86CB-324B-B95E-8D027780F9C2}.MinSizeRel|x64.ActiveCfg = MinSizeRel|x64
		{ECA4B8BB-86CB-324B-B95E-8D027780F9C2}.MinSizeRel|x64.Build.0 = MinSizeRel|x64
		{ECA4B8BB-86CB-324B-B95E-8D027780F9C2}.MinSizeRel|x86.ActiveCfg = MinSizeRel|x64
		{ECA4B8BB-86CB-324B-B95E-8D027780F9C2}.Release|x64.ActiveCfg = Release|x64
		{ECA4B8BB-86CB-324B-B95E-8D027780F9C2}.Release|x64.Build.0 = Release|x64
		{ECA4B8BB-86CB-324B-B95E-8D027780F9C2}.Release|x86.ActiveCfg = Release|x64
		{ECA4B8BB-86CB-324B-B95E-8D027780F9C2}.RelWithDebInfo|x64.ActiveCfg = RelWithDebInfo|x64
		{ECA4B8BB-86CB-324B-B95E-8D027780F9C2}.RelWithDebInfo|x64.Build.0 = RelWithDebInfo|x64
		{ECA4B8BB-86CB-324B-B95E-8D027780F9C2}.RelWithDebInfo|x86.ActiveCfg = RelWithDebInfo|x64
		{E0088989-2339-3967-8FB0-9C0279F1F2CF}.Debug|x64.ActiveCfg = Debug|x64
		{E0088989-2339-3967-8FB0-9C0279F1F2CF}.Debug|x64.Build.0 = Debug|x64
		{E0088989-2339-3967-8FB0-9C0279F1F2CF}.Debug|x86.ActiveCfg = Debug|x64
		{E0088989-2339-3967-8FB0-9C0279F1F2CF}.MinSizeRel|x64.ActiveCfg = MinSizeRel|x64
		{E0088989-2339-3967-8FB0-9C0279F1F2CF}.MinSizeRel|x64.Build.0 = MinSizeRel|x64
		{E0088989-2339-3967-8FB0-9C0279F1F2CF}.MinSizeRel|x86.ActiveCfg = MinSizeRel|x64
		{E0088989-2339-3967-8FB0-9C0279F1F2CF}.Release|x64.ActiveCfg = Release|x64
		{E0088989-2339-3967-8FB0-9C0279F1F2CF}.Release|x64.Build.0 = Release|x64
		{E0088989-2339-3967-8FB0-9C0279F1F2CF}.Release|x86.ActiveCfg = Release|x64
		{E0088989-2339-3967-8FB0-9C0279F1F2CF}.RelWithDebInfo|x64.ActiveCfg = RelWithDebInfo|x64
		{E0088989-2339-3967-8FB0-9C0279F1F2CF}.RelWithDebInfo|x64.Build.0 = RelWithDebInfo|x64
		{E0088989-2339-3967-8FB0-9C0279F1F2CF}.RelWithDebInfo|x86.ActiveCfg = RelWithDebInfo|x64
		{8493505A-5B3A-39C4-A4A7-537F2A505F6F}.Debug|x64.ActiveCfg = Debug|x64
		{8493505A-5B3A-39C4-A4A7-537F2A505F6F}.Debug|x64.Build.0 = Debug|x64
		{8493505A-5B3A-39C4-A4A7-537F2A505F6F}.Debug|x86.ActiveCfg = Debug|x64
		{8493505A-5B3A-39C4-A4A7-537F2A505F6F}.MinSizeRel|x64.ActiveCfg = MinSizeRel|x64
		{8493505A-5B3A-39C4-A4A7-537F2A505F6F}.MinSizeRel|x64.Build.0 = MinSizeRel|x64
		{8493505A-5B3A-39C4-A4A7-537F2A505F6F}.MinSizeRel|x86.ActiveCfg = MinSizeRel|x64
		{8493505A-5B3A-39C4-A4A7-537F2A505F6F}.Release|x64.ActiveCfg = Release|x64
		{8493505A-5B3A-39C4-A4A7-537F2A505F6F}.Release|x64.Build.0 = Release|x64
		{8493505A-5B3A-39C4-A4A7-537F2A505F6F}.Release|x86.ActiveCfg = Release|x64
		{8493505A-5B3A-39C4-A4A7-537F2A505F6F}.RelWithDebInfo|x64.ActiveCfg = RelWithDebInfo|x64
		{8493505A-5B3A-39C4-A4A7-537F2A505F6F}.RelWithDebInfo|x64.Build.0 = RelWithDebInfo|x64
		{8493505A-5B3A-39C4-A4A7-537F2A505F6F}.RelWithDebInfo|x86.ActiveCfg = RelWithDebInfo|x64
		{9379373A-0CEF-333D-839E-FBD2C9424078}.Debug|x64.ActiveCfg = Debug|x64
		{9379373A-0CEF-333D-839E-FBD2C9424078}.Debug|x64.Build.0 = Debug|x64
		{9379373A-0CEF-333D-839E-FBD2C9424078}.Debug|x86.ActiveCfg = Debug|x64
		{9379373A-0CEF-333D-839E-FBD2C9424078}.MinSizeRel|x64.ActiveCfg = MinSizeRel|x64
		{9379373A-0CEF-333D-839E-FBD2C9424078}.MinSizeRel|x64.Build.0 = MinSizeRel|x64
		{9379373A-0CEF-333D-839E-FBD2C9424078}.MinSizeRel|x86.ActiveCfg = MinSizeRel|x64
		{9379373A-0CEF-333D-839E-FBD2C9424078}.Release|x64.ActiveCfg = Release|x64
		{9379373A-0CEF-333D-839E-FBD2C9424078}.Release|x64.Build.0 = Release|x64
		{9379373A-0CEF-333D-839E-FBD2C9424078}.Release|x86.ActiveCfg = Release|x64
		{9379373A-0CEF-333D-839E-FBD2C9424078}.RelWithDebInfo|x64.ActiveCfg = RelWithDebInfo|x64
		{9379373A-0CEF-333D-839E-FBD2C9424078}.RelWithDebInfo|x64.Build.0 = RelWithDebInfo|x64
		{9379373A-0CEF-333D-839E-FBD2C9424078}.RelWithDebInfo|x86.ActiveCfg = RelWithDebInfo|x64
		{8F8DF887-929B-33D7-9F62-17D78038D9A8}.Debug|x64.ActiveCfg = Debug|x64
		{8F8DF887-929B-33D7-9F62-17D78038D9A8}.Debug|x64.Build.0 = Debug|x64
		{8F8DF887-929B-33D7-9F62-17D78038D9A8}.Debug|x86.ActiveCfg = Debug|x64
		{8F8DF887-929B-33D7-9F62-17D78038D9A8}.MinSizeRel|x64.ActiveCfg = MinSizeRel|x64
		{8F8DF887-929B-33D7-9F62-17D78038D9A8}.MinSizeRel|x64.Build.0 = MinSizeRel|x64
		{8F8DF887-929B-33D7-9F62-17D78038D9A8}.MinSizeRel|x86.ActiveCfg = MinSizeRel|x64
		{8F8DF887-929B-33D7-9F62-17D78038D9A8}.Release|x64.ActiveCfg = Release|x64
		{8F8DF887-929B-33D7-9F62-17D78038D9A8}.Release|x64.Build.0 = Release|x64
		{8F8DF887-929B-33D7-9F62-17D78038D9A8}.Release|x86.ActiveCfg = Release|x64
		{8F8DF887-929B-33D7-9F62-17D78038D9A8}.RelWithDebInfo|x64.ActiveCfg = RelWithDebInfo|x64
		{8F8DF887-929B-33D7-9F62-17D78038D9A8}.RelWithDebInfo|x64.Build.0 = RelWithDebInfo|x64
		{8F8DF887-929B-33D7-9F62-17D78038D9A8}.RelWithDebInfo|x86.ActiveCfg = RelWithDebInfo|x64
		{B800FE84-0547-3DD0-A6F9-437CE7481412}.Debug|x64.ActiveCfg = Debug|x64
		{B800FE84-0547-3DD0-A6F9-437CE7481412}.Debug|x64.Build.0 = Debug|x64
		{B800FE84-0547-3DD0-A6F9-437CE7481412}.Debug|x86.ActiveCfg = Debug|x64
		{B800FE84-0547-3DD0-A6F9-437CE7481412}.MinSizeRel|x64.ActiveCfg = MinSizeRel|x64
		{B800FE84-0547-3DD0-A6F9-437CE7481412}.MinSizeRel|x64.Build.0 = MinSizeRel|x64
		{B800FE84-0547-3DD0-A6F9-437CE7481412}.MinSizeRel|x86.ActiveCfg = MinSizeRel|x64
		{B800FE84-0547-3DD0-A6F9-437CE7481412}.Release|x64.ActiveCfg = Release|x64
		{B800FE84-0547-3DD0-A6F9-437CE7481412}.Release|x64.Build.0 = Release|x64
		{B800FE84-0547-3DD0-A6F9-437CE7481412}.Release|x86.ActiveCfg = Release|x64
		{B800FE84-0547-3DD0-A6F9-437CE7481412}.RelWithDebInfo|x64.ActiveCfg = RelWithDebInfo|x64
		{B800FE84-0547-3DD0-A6F9-437CE7481412}.RelWithDebInfo|x64.Build.0 = RelWithDebInfo|x64
		{B800FE84-0547-3DD0-A6F9-437CE7481412}.RelWithDebInfo|x86.ActiveCfg = RelWithDebInfo|x64
		{98D71D95-FDB1-3772-97C3-7C044593CA44}.Debug|x64.ActiveCfg = Debug|x64
		{98D71D95-FDB1-3772-97C3-7C044593CA44}.Debug|x64.Build.0 = Debug|x64
		{98D71D95-FDB1-3772-97C3-7C044593CA44}.Debug|x86.ActiveCfg = Debug|x64
		{98D71D95-FDB1-3772-97C3-7C044593CA44}.MinSizeRel|x64.ActiveCfg = MinSizeRel|x64
		{98D71D95-FDB1-3772-97C3-7C044593CA44}.MinSizeRel|x64.Build.0 = MinSizeRel|x64
		{98D71D95-FDB1-3772-97C3-7C044593CA44}.MinSizeRel|x86.ActiveCfg = MinSizeRel|x64
		{98D71D95-FDB1-3772-97C3-7C044593CA44}.Release|x64.ActiveCfg = Release|x64
		{98D71D95-FDB1-3772-97C3-7C044593CA44}.Release|x64.Build.0 = Release|x64
		{98D71D95-FDB1-3772-97C3-7C044593CA44}.Release|x86.ActiveCfg = Release|x64
		{98D71D95-FDB1-3772-97C3-7C044593CA44}.RelWithDebInfo|x64.ActiveCfg = RelWithDebInfo|x64
		{98D71D95-FDB1-3772-97C3-7C044593CA44}.RelWithDebInfo|x64.Build.0 = RelWithDebInfo|x64
		{98D71D95-FDB1-3772-97C3-7C044593CA44}.RelWithDebInfo|x86.ActiveCfg = RelWithDebInfo|x64
		{29126CCB-4C39-380D-803E-2C2331A63B2A}.Debug|x64.ActiveCfg = Debug|x64
		{29126CCB-4C39-380D-803E-2C2331A63B2A}.Debug|x64.Build.0 = Debug|x64
		{29126CCB-4C39-380D-803E-2C2331A63B2A}.Debug|x86.ActiveCfg = Debug|x64
		{29126CCB-4C39-380D-803E-2C2331A63B2A}.MinSizeRel|x64.ActiveCfg = MinSizeRel|x64
		{29126CCB-4C39-380D-803E-2C2331A63B2A}.MinSizeRel|x64.Build.0 = MinSizeRel|x64
		{29126CCB-4C39-380D-803E-2C2331A63B2A}.MinSizeRel|x86.ActiveCfg = MinSizeRel|x64
		{29126CCB-4C39-380D-803E-2C2331A63B2A}.Release|x64.ActiveCfg = Release|x64
		{29126CCB-4C39-380D-803E-2C2331A63B2A}.Release|x64.Build.0 = Release|x64
		{29126CCB-4C39-380D-803E-2C2331A63B2A}.Release|x86.ActiveCfg = Release|x64
		{29126CCB-4C39-380D-803E-2C2331A63B2A}.RelWithDebInfo|x64.ActiveCfg = RelWithDebInfo|x64
		{29126CCB-4C39-380D-803E-2C2331A63B2A}.RelWithDebInfo|x64.Build.0 = RelWithDebInfo|x64
		{29126CCB-4C39-380D-803E-2C2331A63B2A}.RelWithDebInfo|x86.ActiveCfg = RelWithDebInfo|x64
		{A01E0810-BEB8-3E85-96B2-FEA481D413CA}.Debug|x64.ActiveCfg = Debug|x64
		{A01E0810-BEB8-3E85-96B2-FEA481D413CA}.Debug|x64.Build.0 = Debug|x64
		{A01E0810-BEB8-3E85-96B2-FEA481D413CA}.Debug|x86.ActiveCfg = Debug|x64
		{A01E0810-BEB8-3E85-96B2-FEA481D413CA}.MinSizeRel|x64.ActiveCfg = MinSizeRel|x64
		{A01E0810-BEB8-3E85-96B2-FEA481D413CA}.MinSizeRel|x64.Build.0 = MinSizeRel|x64
		{A01E0810-BEB8-3E85-96B2-FEA481D413CA}.MinSizeRel|x86.ActiveCfg = MinSizeRel|x64
		{A01E0810-BEB8-3E85-96B2-FEA481D413CA}.Release|x64.ActiveCfg = Release|x64
		{A01E0810-BEB8-3E85-96B2-FEA481D413CA}.Release|x64.Build.0 = Release|x64
		{A01E0810-BEB8-3E85-96B2-FEA481D413CA}.Release|x86.ActiveCfg = Release|x64
		{A01E0810-BEB8-3E85-96B2-FEA481D413CA}.RelWithDebInfo|x64.ActiveCfg = RelWithDebInfo|x64
		{A01E0810-BEB8-3E85-96B2-FEA481D413CA}.RelWithDebInfo|x64.Build.0 = RelWithDebInfo|x64
		{A01E0810-BEB8-3E85-96B2-FEA481D413CA}.RelWithDebInfo|x86.ActiveCfg = RelWithDebInfo|x64
		{731939FD-8EB7-3DDD-8877-159E6B3563C4}.Debug|x64.ActiveCfg = Debug|x64
		{731939FD-8EB7-3DDD-8877-159E6B3563C4}.Debug|x64.Build.0 = Debug|x64
		{731939FD-8EB7-3DDD-8877-159E6B3563C4}.Debug|x86.ActiveCfg = Debug|x64
		{731939FD-8EB7-3DDD-8877-159E6B3563C4}.MinSizeRel|x64.ActiveCfg = MinSizeRel|x64
		{731939FD-8EB7-3DDD-8877-159E6B3563C4}.MinSizeRel|x64.Build.0 = MinSizeRel|x64
		{731939FD-8EB7-3DDD-8877-159E6B3563C4}.MinSizeRel|x86.ActiveCfg = MinSizeRel|x64
		{731939FD-8EB7-3DDD-8877-159E6B3563C4}.Release|x64.ActiveCfg = Release|x64
		{731939FD-8EB7-3DDD-8877-159E6B3563C4}.Release|x64.Build.0 = Release|x64
		{731939FD-8EB7-3DDD-8877-159E6B3563C4}.Release|x86.ActiveCfg = Release|x64
		{731939FD-8EB7-3DDD-8877-159E6B3563C4}.RelWithDebInfo|x64.ActiveCfg = RelWithDebInfo|x64
		{731939FD-8EB7-3DDD-8877-159E6B3563C4}.RelWithDebInfo|x64.Build.0 = RelWithDebInfo|x64
		{731939FD-8EB7-3DDD-8877-159E6B3563C4}.RelWithDebInfo|x86.ActiveCfg = RelWithDebInfo|x64
		{2ABDA18B-1B31-3AE9-92D9-5897A89FDB22}.Debug|x64.ActiveCfg = Debug|x64
		{2ABDA18B-1B31-3AE9-92D9-5897A89FDB22}.Debug|x64.Build.0 = Debug|x64
		{2ABDA18B-1B31-3AE9-92D9-5897A89FDB22}.Debug|x86.ActiveCfg = Debug|x64
		{2ABDA18B-1B31-3AE9-92D9-5897A89FDB22}.MinSizeRel|x64.ActiveCfg = MinSizeRel|x64
		{2ABDA18B-1B31-3AE9-92D9-5897A89FDB22}.MinSizeRel|x64.Build.0 = MinSizeRel|x64
		{2ABDA18B-1B31-3AE9-92D9-5897A89FDB22}.MinSizeRel|x86.ActiveCfg = MinSizeRel|x64
		{2ABDA18B-1B31-3AE9-92D9-5897A89FDB22}.Release|x64.ActiveCfg = Release|x64
		{2ABDA18B-1B31-3AE9-92D9-5897A89FDB22}.Release|x64.Build.0 = Release|x64
		{2ABDA18B-1B31-3AE9-92D9-5897A89FDB22}.Release|x86.ActiveCfg = Release|x64
		{2ABDA18B-1B31-3AE9-92D9-5897A89FDB22}.RelWithDebInfo|x64.ActiveCfg = RelWithDebInfo|x64
		{2ABDA18B-1B31-3AE9-92D9-5897A89FDB22}.RelWithDebInfo|x64.Build.0 = RelWithDebInfo|x64
		{2ABDA18B-1B31-3AE9-92D9-5897A89FDB22}.RelWithDebInfo|x86.ActiveCfg = RelWithDebInfo|x64
		{31F822F3-EF60-3F5E-B3DB-0E1C0C4A6351}.Debug|x64.ActiveCfg = Debug|x64
		{31F822F3-EF60-3F5E-B3DB-0E1C0C4A6351}.Debug|x64.Build.0 = Debug|x64
		{31F822F3-EF60-3F5E-B3DB-0E1C0C4A6351}.Debug|x86.ActiveCfg = Debug|x64
		{31F822F3-EF60-3F5E-B3DB-0E1C0C4A6351}.MinSizeRel|x64.ActiveCfg = MinSizeRel|x64
		{31F822F3-EF60-3F5E-B3DB-0E1C0C4A6351}.MinSizeRel|x64.Build.0 = MinSizeRel|x64
		{31F822F3-EF60-3F5E-B3DB-0E1C0C4A6351}.MinSizeRel|x86.ActiveCfg = MinSizeRel|x64
		{31F822F3-EF60-3F5E-B3DB-0E1C0C4A6351}.Release|x64.ActiveCfg = Release|x64
		{31F822F3-EF60-3F5E-B3DB-0E1C0C4A6351}.Release|x64.Build.0 = Release|x64
		{31F822F3-EF60-3F5E-B3DB-0E1C0C4A6351}.Release|x86.ActiveCfg = Release|x64
		{31F822F3-EF60-3F5E-B3DB-0E1C0C4A6351}.RelWithDebInfo|x64.ActiveCfg = RelWithDebInfo|x64
		{31F822F3-EF60-3F5E-B3DB-0E1C0C4A6351}.RelWithDebInfo|x64.Build.0 = RelWithDebInfo|x64
		{31F822F3-EF60-3F5E-B3DB-0E1C0C4A6351}.RelWithDebInfo|x86.ActiveCfg = RelWithDebInfo|x64
		{EF5F0615-3A4A-322A-8B4F-01704EA466D6}.Debug|x64.ActiveCfg = Debug|x64
		{EF5F0615-3A4A-322A-8B4F-01704EA466D6}.Debug|x64.Build.0 = Debug|x64
		{EF5F0615-3A4A-322A-8B4F-01704EA466D6}.Debug|x86.ActiveCfg = Debug|x64
		{EF5F0615-3A4A-322A-8B4F-01704EA466D6}.MinSizeRel|x64.ActiveCfg = MinSizeRel|x64
		{EF5F0615-3A4A-322A-8B4F-01704EA466D6}.MinSizeRel|x64.Build.0 = MinSizeRel|x64
		{EF5F0615-3A4A-322A-8B4F-01704EA466D6}.MinSizeRel|x86.ActiveCfg = MinSizeRel|x64
		{EF5F0615-3A4A-322A-8B4F-01704EA466D6}.Release|x64.ActiveCfg = Release|x64
		{EF5F0615-3A4A-322A-8B4F-01704EA466D6}.Release|x64.Build.0 = Release|x64
		{EF5F0615-3A4A-322A-8B4F-01704EA466D6}.Release|x86.ActiveCfg = Release|x64
		{EF5F0615-3A4A-322A-8B4F-01704EA466D6}.RelWithDebInfo|x64.ActiveCfg = RelWithDebInfo|x64
		{EF5F0615-3A4A-322A-8B4F-01704EA466D6}.RelWithDebInfo|x64.Build.0 = RelWithDebInfo|x64
		{EF5F0615-3A4A-322A-8B4F-01704EA466D6}.RelWithDebInfo|x86.ActiveCfg = RelWithDebInfo|x64
		{2F889403-F410-3EC3-AC8E-D18C19AB30D4}.Debug|x64.ActiveCfg = Debug|x64
		{2F889403-F410-3EC3-AC8E-D18C19AB30D4}.Debug|x64.Build.0 = Debug|x64
		{2F889403-F410-3EC3-AC8E-D18C19AB30D4}.Debug|x86.ActiveCfg = Debug|x64
		{2F889403-F410-3EC3-AC8E-D18C19AB30D4}.MinSizeRel|x64.ActiveCfg = MinSizeRel|x64
		{2F889403-F410-3EC3-AC8E-D18C19AB30D4}.MinSizeRel|x64.Build.0 = MinSizeRel|x64
		{2F889403-F410-3EC3-AC8E-D18C19AB30D4}.MinSizeRel|x86.ActiveCfg = MinSizeRel|x64
		{2F889403-F410-3EC3-AC8E-D18C19AB30D4}.Release|x64.ActiveCfg = Release|x64
		{2F889403-F410-3EC3-AC8E-D18C19AB30D4}.Release|x64.Build.0 = Release|x64
		{2F889403-F410-3EC3-AC8E-D18C19AB30D4}.Release|x86.ActiveCfg = Release|x64
		{2F889403-F410-3EC3-AC8E-D18C19AB30D4}.RelWithDebInfo|x64.ActiveCfg = RelWithDebInfo|x64
		{2F889403-F410-3EC3-AC8E-D18C19AB30D4}.RelWithDebInfo|x64.Build.0 = RelWithDebInfo|x64
		{2F889403-F410-3EC3-AC8E-D18C19AB30D4}.RelWithDebInfo|x86.ActiveCfg = RelWithDebInfo|x64
		{8BB1FD55-4F71-36F8-A3C1-AA62E85F3FB1}.Debug|x64.ActiveCfg = Debug|x64
		{8BB1FD55-4F71-36F8-A3C1-AA62E85F3FB1}.Debug|x64.Build.0 = Debug|x64
		{8BB1FD55-4F71-36F8-A3C1-AA62E85F3FB1}.Debug|x86.ActiveCfg = Debug|x64
		{8BB1FD55-4F71-36F8-A3C1-AA62E85F3FB1}.MinSizeRel|x64.ActiveCfg = MinSizeRel|x64
		{8BB1FD55-4F71-36F8-A3C1-AA62E85F3FB1}.MinSizeRel|x64.Build.0 = MinSizeRel|x64
		{8BB1FD55-4F71-36F8-A3C1-AA62E85F3FB1}.MinSizeRel|x86.ActiveCfg = MinSizeRel|x64
		{8BB1FD55-4F71-36F8-A3C1-AA62E85F3FB1}.Release|x64.ActiveCfg = Release|x64
		{8BB1FD55-4F71-36F8-A3C1-AA62E85F3FB1}.Release|x64.Build.0 = Release|x64
		{8BB1FD55-4F71-36F8-A3C1-AA62E85F3FB1}.Release|x86.ActiveCfg = Release|x64
		{8BB1FD55-4F71-36F8-A3C1-AA62E85F3FB1}.RelWithDebInfo|x64.ActiveCfg = RelWithDebInfo|x64
		{8BB1FD55-4F71-36F8-A3C1-AA62E85F3FB1}.RelWithDebInfo|x64.Build.0 = RelWithDebInfo|x64
		{8BB1FD55-4F71-36F8-A3C1-AA62E85F3FB1}.RelWithDebInfo|x86.ActiveCfg = RelWithDebInfo|x64
		{1082C515-EEFD-3EFA-82E8-6F2F8722C674}.Debug|x64.ActiveCfg = Debug|x64
		{1082C515-EEFD-3EFA-82E8-6F2F8722C674}.Debug|x64.Build.0 = Debug|x64
		{1082C515-EEFD-3EFA-82E8-6F2F8722C674}.Debug|x86.ActiveCfg = Debug|x64
		{1082C515-EEFD-3EFA-82E8-6F2F8722C674}.MinSizeRel|x64.ActiveCfg = MinSizeRel|x64
		{1082C515-EEFD-3EFA-82E8-6F2F8722C674}.MinSizeRel|x64.Build.0 = MinSizeRel|x64
		{1082C515-EEFD-3EFA-82E8-6F2F8722C674}.MinSizeRel|x86.ActiveCfg = MinSizeRel|x64
		{1082C515-EEFD-3EFA-82E8-6F2F8722C674}.Release|x64.ActiveCfg = Release|x64
		{1082C515-EEFD-3EFA-82E8-6F2F8722C674}.Release|x64.Build.0 = Release|x64
		{1082C515-EEFD-3EFA-82E8-6F2F8722C674}.Release|x86.ActiveCfg = Release|x64
		{1082C515-EEFD-3EFA-82E8-6F2F8722C674}.RelWithDebInfo|x64.ActiveCfg = RelWithDebInfo|x64
		{1082C515-EEFD-3EFA-82E8-6F2F8722C674}.RelWithDebInfo|x64.Build.0 = RelWithDebInfo|x64
		{1082C515-EEFD-3EFA-82E8-6F2F8722C674}.RelWithDebInfo|x86.ActiveCfg = RelWithDebInfo|x64
	EndGlobalSection
	GlobalSection(SolutionProperties) = preSolution
		HideSolutionNode = FALSE
	EndGlobalSection
	GlobalSection(ExtensibilityGlobals) = postSolution
		SolutionGuid = {D3C55307-B98F-40A7-9070-1CD3A61A1C23}
	EndGlobalSection
EndGlobal
